#MicroXplorer Configuration settings - do not modify
Mcu.Family=STM32L4
RCC.MSI_VALUE=4000000
ProjectManager.MainLocation=Core/Src
PA15\ (JTDI).GPIOParameters=GPIO_PuPd,GPIO_Label
RCC.PLLQoutputFreq_Value=16000000
ProjectManager.ProjectFileName=blinky-stm32l452.ioc
PA14\ (JTCK/SWCLK).GPIOParameters=GPIO_Label
RCC.SAI1Freq_Value=4571428.571428572
PB8.GPIOParameters=GPIO_Label
PB9.GPIO_Label=KeyRight
ProjectManager.KeepUserCode=true
Mcu.UserName=STM32L452RETx
Mcu.PinsNb=9
ProjectManager.NoMain=false
PC13.Locked=true
PC13.Signal=GPIO_Input
RCC.PLLSAI1RoutputFreq_Value=16000000
ProjectManager.functionlistsort=1-MX_GPIO_Init-GPIO-false-HAL-true,2-SystemClock_Config-RCC-false-HAL-false
PC8.Signal=GPIO_Input
ProjectManager.DefaultFWLocation=true
PA15\ (JTDI).Signal=GPIO_Input
PD2.Locked=true
PD2.GPIOParameters=GPIO_Label
ProjectManager.DeletePrevious=true
PC13.GPIO_Label=KeyUp
PA13\ (JTMS/SWDIO).GPIOParameters=GPIO_Label
PinOutPanel.RotationAngle=0
RCC.FamilyName=M
ProjectManager.StackSize=0x400
PB9.GPIOParameters=GPIO_PuPd,GPIO_Label
PC8.GPIO_Label=KeyDown
Mcu.IP2=SYS
NVIC.SVCall_IRQn=true\:0\:0\:false\:false\:true\:false\:false
PB8.GPIO_Label=Led2Red
Mcu.IP0=NVIC
Mcu.IP1=RCC
PA14\ (JTCK/SWCLK).Signal=GPIO_Output
Mcu.UserConstants=
RCC.VCOSAI1OutputFreq_Value=32000000
ProjectManager.TargetToolchain=Makefile
Mcu.ThirdPartyNb=0
Mcu.IPNb=3
ProjectManager.PreviousToolchain=
PB9.Locked=true
Mcu.Pin6=PB8
Mcu.Pin7=PB9
ProjectManager.RegisterCallBack=
Mcu.Pin8=VP_SYS_VS_Systick
RCC.LSE_VALUE=32768
RCC.PLLSAI1PoutputFreq_Value=4571428.571428572
Mcu.Pin0=PC13
Mcu.Pin1=PC8
GPIO.groupedBy=Group By Peripherals
Mcu.Pin2=PA13 (JTMS/SWDIO)
Mcu.Pin3=PA14 (JTCK/SWCLK)
Mcu.Pin4=PA15 (JTDI)
Mcu.Pin5=PD2
ProjectManager.ProjectBuild=false
RCC.HSE_VALUE=8000000
NVIC.UsageFault_IRQn=true\:0\:0\:false\:false\:true\:false\:false
NVIC.DebugMonitor_IRQn=true\:0\:0\:false\:false\:true\:false\:false
board=custom
RCC.VCOOutputFreq_Value=32000000
NVIC.SysTick_IRQn=true\:0\:0\:false\:false\:true\:false\:true
ProjectManager.LastFirmware=true
ProjectManager.FirmwarePackage=STM32Cube FW_L4 V1.16.0
MxDb.Version=DB.6.0.10
PA13\ (JTMS/SWDIO).GPIO_Label=Led1Red
ProjectManager.BackupPrevious=false
MxCube.Version=6.1.2
RCC.VCOInputFreq_Value=4000000
PC13.GPIOParameters=GPIO_PuPd,GPIO_Label
RCC.PLLSAI1QoutputFreq_Value=16000000
File.Version=6
VP_SYS_VS_Systick.Mode=SysTick
PC13.GPIO_PuPd=GPIO_PULLUP
PA15\ (JTDI).GPIO_PuPd=GPIO_PULLUP
PB8.Locked=true
NVIC.NonMaskableInt_IRQn=true\:0\:0\:false\:false\:true\:false\:false
RCC.PLLRCLKFreq_Value=16000000
NVIC.PendSV_IRQn=true\:0\:0\:false\:false\:true\:false\:false
PA13\ (JTMS/SWDIO).Locked=true
ProjectManager.FreePins=false
PA15\ (JTDI).GPIO_Label=KeyLeft
RCC.IPParameters=FamilyName,HSE_VALUE,HSI48_VALUE,HSI_VALUE,LSCOPinFreq_Value,LSE_VALUE,LSI_VALUE,MSI_VALUE,PLLPoutputFreq_Value,PLLQoutputFreq_Value,PLLRCLKFreq_Value,PLLSAI1PoutputFreq_Value,PLLSAI1QoutputFreq_Value,PLLSAI1RoutputFreq_Value,SAI1Freq_Value,VCOInputFreq_Value,VCOOutputFreq_Value,VCOSAI1OutputFreq_Value
ProjectManager.AskForMigrate=true
Mcu.Name=STM32L452R(C-E)Tx
ProjectManager.HalAssertFull=false
ProjectManager.ProjectName=blinky-stm32l452
ProjectManager.UnderRoot=false
ProjectManager.CoupleFile=false
PC8.GPIOParameters=GPIO_PuPd,GPIO_Label
PC8.GPIO_PuPd=GPIO_PULLUP
Mcu.Package=LQFP64
PB9.Signal=GPIO_Input
NVIC.ForceEnableDMAVector=true
KeepUserPlacement=false
NVIC.MemoryManagement_IRQn=true\:0\:0\:false\:false\:true\:false\:false
ProjectManager.CompilerOptimize=6
ProjectManager.ToolChainLocation=
PA14\ (JTCK/SWCLK).Locked=true
RCC.LSI_VALUE=32000
VP_SYS_VS_Systick.Signal=SYS_VS_Systick
RCC.LSCOPinFreq_Value=32000
PB9.GPIO_PuPd=GPIO_PULLUP
ProjectManager.HeapSize=0x200
NVIC.HardFault_IRQn=true\:0\:0\:false\:false\:true\:false\:false
ProjectManager.ComputerToolchain=false
RCC.HSI_VALUE=16000000
NVIC.PriorityGroup=NVIC_PRIORITYGROUP_4
PA14\ (JTCK/SWCLK).GPIO_Label=Led1Green
RCC.PLLPoutputFreq_Value=4571428.571428572
PB8.Signal=GPIO_Output
NVIC.BusFault_IRQn=true\:0\:0\:false\:false\:true\:false\:false
PC8.Locked=true
PD2.Signal=GPIO_Output
PA15\ (JTDI).Locked=true
ProjectManager.CustomerFirmwarePackage=
ProjectManager.DeviceId=STM32L452RETx
PD2.GPIO_Label=Led2Green
ProjectManager.LibraryCopy=1
RCC.HSI48_VALUE=48000000
PA13\ (JTMS/SWDIO).Signal=GPIO_Output
