#MicroXplorer Configuration settings - do not modify
PB13.GPIOParameters=GPIO_Label
PC7.GPIOParameters=GPIO_Label
PA15\ (JTDI).GPIOParameters=GPIO_PuPd,GPIO_Label
RCC.USART1Freq_Value=8000000
SPI2.VirtualType=VM_MASTER
PB10.Mode=Asynchronous
PC12.Locked=true
PC12.Signal=GPIO_Output
PB14.GPIO_Label=PerSpiMiso
PC7.Locked=true
PC6.GPIO_Label=Relay3
VP_RTC_VS_RTC_Activate.Mode=RTC_Enabled
PC3.Locked=true
RCC.RTCFreq_Value=32768
PA3.GPIOParameters=GPIO_Label
PA6.GPIO_Label=Intern4
PB6.GPIO_Label=Rs232Tx
PA15\ (JTDI).Signal=GPIO_Input
PD2.GPIOParameters=GPIO_Label
PC15-OSC32_OUT\ (PC15).Mode=LSE-External-Oscillator
USART1.IPParameters=VirtualMode-Asynchronous,DMADisableonRxErrorParam,OverrunDisableParam,BaudRate
PB3\ (JTDO/TRACESWO).GPIOParameters=GPIO_Label
PB13.Signal=SPI2_SCK
PA2.GPIOParameters=GPIO_Label
PinOutPanel.RotationAngle=0
RCC.MCO1PinFreq_Value=16000000
RCC.SYSCLKSource=RCC_SYSCLKSOURCE_HSI
PC14-OSC32_IN\ (PC14).Mode=LSE-External-Oscillator
USART3.VirtualMode-Asynchronous=VM_ASYNC
RCC.LPTIM1Freq_Value=8000000
NVIC.SVCall_IRQn=true\:0\:0\:false\:false\:true\:false\:false
PA14\ (JTCK/SWCLK).Signal=GPIO_Output
RCC.ADCCLockSelection=RCC_ADCCLKSOURCE_SYSCLK
RCC.I2C4Freq_Value=8000000
RCC.APB2TimFreq_Value=16000000
PB6.Signal=USART1_TX
PC7.Signal=GPIO_Output
PB6.Mode=Asynchronous
PC3.Signal=ADCx_IN4
PB13.Locked=true
RCC.USART3Freq_Value=16000000
ProjectManager.ProjectBuild=false
NVIC.UsageFault_IRQn=true\:0\:0\:false\:false\:true\:false\:false
PA0.Locked=true
PB2.Signal=GPIO_Input
PA8.Locked=true
PA4.Locked=true
RCC.RTCClockSelection=RCC_RTCCLKSOURCE_LSE
PB12.GPIO_Label=Relay2
ProjectManager.FirmwarePackage=STM32Cube FW_L4 V1.16.0
MxDb.Version=DB.6.0.10
PB0.GPIOParameters=GPIO_Label
PA13\ (JTMS/SWDIO).GPIO_Label=Led2Red
PA1.GPIOParameters=GPIO_Label
ProjectManager.BackupPrevious=false
PC4.GPIO_Label=FlashCs
SH.ADCx_IN1.ConfNb=1
PB14.Mode=Full_Duplex_Master
RCC.LSE_Drive_Capability=RCC_LSEDRIVE_HIGH
USART1.OverrunDisableParam=ADVFEATURE_OVERRUN_ENABLE
PB1.GPIO_Label=Intern1
SH.ADCx_IN8.0=ADC1_IN8,IN8-Single-Ended
SPI2.CalculateBaudRate=4.0 MBits/s
PA8.Signal=GPIO_Output
RCC.PLLRCLKFreq_Value=16000000
SH.ADCx_IN4.ConfNb=1
PB6.Locked=true
NVIC.PendSV_IRQn=true\:0\:0\:false\:false\:true\:false\:false
PA13\ (JTMS/SWDIO).Locked=true
ProjectManager.HalAssertFull=false
ADC1.SamplingTime-0\#ChannelRegularConversion=ADC_SAMPLETIME_2CYCLES_5
PA0.Signal=ADCx_IN5
PC8.GPIOParameters=GPIO_PuPd,GPIO_Label
Mcu.Package=LQFP64
PB9.Signal=GPIO_Input
PB1.Signal=GPIO_Input
PA5.Locked=true
SPI2.Mode=SPI_MODE_MASTER
PA14\ (JTCK/SWCLK).Locked=true
VP_SYS_VS_Systick.Signal=SYS_VS_Systick
RCC.LSCOPinFreq_Value=32000
USART3.IPParameters=VirtualMode-Asynchronous,OverrunDisableParam,DMADisableonRxErrorParam
PA10.Signal=GPIO_Input
PB9.GPIO_PuPd=GPIO_PULLUP
RCC.DFSDMFreq_Value=8000000
PA5.GPIOParameters=GPIO_Label
SH.ADCx_IN9.0=ADC1_IN9,IN9-Single-Ended
PB14.GPIOParameters=GPIO_Label
USART3.DMADisableonRxErrorParam=ADVFEATURE_DMA_ENABLEONRXERROR
PA14\ (JTCK/SWCLK).GPIO_Label=Led2Green
RCC.APB2CLKDivider=RCC_HCLK_DIV2
RCC.PLLPoutputFreq_Value=4571428.571428572
RCC.APB1TimFreq_Value=16000000
NVIC.BusFault_IRQn=true\:0\:0\:false\:false\:true\:false\:false
RCC.LPUART1Freq_Value=8000000
SH.ADCx_IN9.ConfNb=1
PB10.GPIOParameters=GPIO_Label
PB13.Mode=Full_Duplex_Master
PH0-OSC_IN\ (PH0).Mode=HSE-External-Oscillator
PA4.GPIO_Label=Extern7
ProjectManager.CustomerFirmwarePackage=
PC4.GPIOParameters=GPIO_Label
RCC.HSI48_VALUE=48000000
PA6.GPIOParameters=GPIO_Label
RCC.PLLQoutputFreq_Value=16000000
ProjectManager.ProjectFileName=test-everything-stm32l452.ioc
ADC1.Rank-0\#ChannelRegularConversion=1
Mcu.PinsNb=51
PC11.Locked=true
SH.ADCx_IN6.0=ADC1_IN6,IN6-Single-Ended
ADC1.IPParameters=Rank-0\#ChannelRegularConversion,Channel-0\#ChannelRegularConversion,SamplingTime-0\#ChannelRegularConversion,OffsetNumber-0\#ChannelRegularConversion,NbrOfConversionFlag,master,ClockPrescaler
PC13.Locked=true
ADC1.OffsetNumber-0\#ChannelRegularConversion=ADC_OFFSET_NONE
PA9.GPIO_Label=Relay1
PC13.Signal=GPIO_Input
PC2.Signal=GPIO_Output
PC6.Signal=GPIO_Output
PB11.GPIO_Label=EspTxArmRx
PC0.Signal=ADCx_IN1
PB14.Locked=true
RCC.APB1CLKDivider=RCC_HCLK_DIV2
PC11.GPIOParameters=GPIO_Label
PC3.GPIOParameters=GPIO_Label
PB8.GPIO_Label=Led1Red
PA8.GPIO_Label=LcdBacklight
PB11.Mode=Asynchronous
SH.ADCx_IN7.0=ADC1_IN7,IN7-Single-Ended
Mcu.Pin50=VP_SYS_VS_Systick
PC6.Locked=true
PA9.Signal=GPIO_Output
PB11.GPIOParameters=GPIO_Label
PB5.Locked=true
PB9.Locked=true
Mcu.Pin48=PB9
Mcu.Pin49=VP_RTC_VS_RTC_Activate
RCC.PLLSAI1PoutputFreq_Value=9142857.142857144
Mcu.Pin46=PB7
Mcu.Pin47=PB8
PB10.Signal=USART3_TX
PB14.Signal=SPI2_MISO
PA5.Signal=GPIO_Output
Mcu.Pin40=PC12
Mcu.Pin41=PD2
Mcu.Pin44=PB5
Mcu.Pin45=PB6
Mcu.Pin42=PB3 (JTDO/TRACESWO)
Mcu.Pin43=PB4 (NJTRST)
ProjectManager.LastFirmware=true
Mcu.Pin37=PA15 (JTDI)
Mcu.Pin38=PC10
PB15.GPIO_Label=PerSpiMosi
Mcu.Pin35=PA13 (JTMS/SWDIO)
RCC.I2C1Freq_Value=8000000
Mcu.Pin36=PA14 (JTCK/SWCLK)
Mcu.Pin39=PC11
RCC.RNGFreq_Value=32000000
PC2.GPIOParameters=GPIO_Label
Mcu.Pin30=PC8
PA1.GPIO_Label=Extern13
Mcu.Pin33=PA9
Mcu.Pin34=PA10
Mcu.Pin31=PC9
PA15\ (JTDI).GPIO_PuPd=GPIO_PULLUP
SH.ADCx_IN4.0=ADC1_IN4,IN4-Single-Ended
Mcu.Pin32=PA8
PA9.Locked=true
NVIC.NonMaskableInt_IRQn=true\:0\:0\:false\:false\:true\:false\:false
PC10.GPIOParameters=GPIO_Label
ProjectManager.FreePins=false
PC9.GPIOParameters=GPIO_Label
RCC.LPTIM2Freq_Value=8000000
Mcu.Pin26=PB14
Mcu.Pin27=PB15
Mcu.Pin24=PB12
ProjectManager.UnderRoot=false
Mcu.Pin25=PB13
PC7.GPIO_Label=LcdA0
Mcu.Pin28=PC6
Mcu.Pin29=PC7
PC8.GPIO_PuPd=GPIO_PULLUP
PA4.Signal=ADCx_IN9
Mcu.Pin22=PB10
PB5.Signal=GPIO_Input
Mcu.Pin23=PB11
Mcu.Pin20=PB1
ADC1.master=1
PA3.Locked=true
Mcu.Pin21=PB2
PA5.GPIO_Label=Relay4
PA10.Locked=true
NVIC.ForceEnableDMAVector=true
NVIC.MemoryManagement_IRQn=true\:0\:0\:false\:false\:true\:false\:false
PC12.GPIO_Label=AvrSpiMosi
ProjectManager.CompilerOptimize=6
ProjectManager.HeapSize=0x200
PA0.GPIOParameters=GPIO_Label
Mcu.Pin15=PA6
NVIC.HardFault_IRQn=true\:0\:0\:false\:false\:true\:false\:false
Mcu.Pin16=PA7
Mcu.Pin13=PA4
Mcu.Pin14=PA5
Mcu.Pin19=PB0
ProjectManager.ComputerToolchain=false
Mcu.Pin17=PC4
Mcu.Pin18=PC5
SH.ADCx_IN5.0=ADC1_IN5,IN5-Single-Ended
NVIC.PriorityGroup=NVIC_PRIORITYGROUP_4
Mcu.Pin11=PA2
Mcu.Pin12=PA3
Mcu.Pin10=PA1
PC3.GPIO_Label=Extern6
RCC.PWRFreq_Value=16000000
SPI2.DataSize=SPI_DATASIZE_8BIT
SH.ADCx_IN5.ConfNb=1
PB4\ (NJTRST).GPIO_Label=Extern9
PD2.Signal=GPIO_Output
RCC.I2C2Freq_Value=8000000
PB0.Signal=GPIO_Input
PA7.GPIOParameters=GPIO_Label
PC0.Locked=true
RCC.USART3CLockSelection=RCC_USART3CLKSOURCE_SYSCLK
PC1.Signal=ADCx_IN2
PB12.GPIOParameters=GPIO_Label
PD2.GPIO_Label=Led1Green
PA13\ (JTMS/SWDIO).Signal=GPIO_Output
Mcu.Family=STM32L4
ProjectManager.MainLocation=Core/Src
PA14\ (JTCK/SWCLK).GPIOParameters=GPIO_Label
RCC.SAI1Freq_Value=9142857.142857144
RCC.CortexFreq_Value=16000000
ProjectManager.KeepUserCode=true
Mcu.UserName=STM32L452RETx
PH0-OSC_IN\ (PH0).Signal=RCC_OSC_IN
USART1.BaudRate=19200
SH.ADCx_IN2.0=ADC1_IN2,IN2-Single-Ended
PC10.Locked=true
PC10.Signal=GPIO_Output
RCC.PLLSAI1RoutputFreq_Value=32000000
PC5.Locked=true
PA0.GPIO_Label=Extern14
ProjectManager.functionlistsort=1-MX_GPIO_Init-GPIO-false-HAL-true,2-SystemClock_Config-RCC-false-HAL-true,3-MX_ADC1_Init-ADC1-false-HAL-true,4-MX_RTC_Init-RTC-false-HAL-true,5-MX_SPI2_Init-SPI2-false-HAL-true,6-MX_USART3_UART_Init-USART3-false-HAL-true,7-MX_USART1_UART_Init-USART1-false-HAL-true
PC0.GPIOParameters=GPIO_Label
PA9.GPIOParameters=GPIO_Label
PC0.GPIO_Label=Extern4
PC9.Locked=true
PB0.GPIO_Label=Intern3
RCC.USART2Freq_Value=8000000
PD2.Locked=true
PC13.GPIO_Label=KeyUp
PC1.Locked=true
PB13.GPIO_Label=PerSpiSck
PB11.Signal=USART3_RX
PB15.Signal=SPI2_MOSI
ProjectManager.StackSize=0x400
PB5.GPIOParameters=GPIO_Label
RCC.I2C3Freq_Value=8000000
Mcu.IP4=SPI2
RCC.FCLKCortexFreq_Value=16000000
Mcu.IP5=SYS
Mcu.IP2=RCC
Mcu.IP3=RTC
Mcu.IP0=ADC1
Mcu.IP1=NVIC
Mcu.UserConstants=
RCC.VCOSAI1OutputFreq_Value=64000000
PC1.GPIOParameters=GPIO_Label
RCC.SDMMCFreq_Value=32000000
Mcu.ThirdPartyNb=0
RCC.HCLKFreq_Value=16000000
Mcu.IPNb=8
ProjectManager.PreviousToolchain=
SH.ADCx_IN7.ConfNb=1
PA8.GPIOParameters=PinState,GPIO_Label
Mcu.Pin6=PC1
Mcu.Pin7=PC2
Mcu.Pin8=PC3
Mcu.Pin9=PA0
RCC.AHBFreq_Value=16000000
Mcu.Pin0=PC13
Mcu.Pin1=PC14-OSC32_IN (PC14)
GPIO.groupedBy=Group By Peripherals
Mcu.Pin2=PC15-OSC32_OUT (PC15)
Mcu.Pin3=PH0-OSC_IN (PH0)
Mcu.Pin4=PH1-OSC_OUT (PH1)
Mcu.Pin5=PC0
ADC1.Channel-0\#ChannelRegularConversion=ADC_CHANNEL_1
PH1-OSC_OUT\ (PH1).Mode=HSE-External-Oscillator
RCC.HSE_VALUE=8000000
NVIC.DebugMonitor_IRQn=true\:0\:0\:false\:false\:true\:false\:false
NVIC.SysTick_IRQn=true\:0\:0\:false\:false\:true\:false\:true
RCC.VCOInputFreq_Value=4000000
PC11.GPIO_Label=AvrSpiMiso
File.Version=6
PA10.GPIO_Label=PeripheralNPower
PC13.GPIO_PuPd=GPIO_PULLUP
PB7.Signal=USART1_RX
PB8.Locked=true
SH.ADCx_IN6.ConfNb=1
PB6.GPIOParameters=GPIO_Label
PB0.Locked=true
ProjectManager.ProjectName=test-everything-stm32l452
PB7.GPIO_Label=Rs232Rx
PB4\ (NJTRST).Locked=true
PA6.Signal=GPIO_Input
PA7.Locked=true
ProjectManager.ToolChainLocation=
PA2.GPIO_Label=Extern12
RCC.LSI_VALUE=32000
USART1.DMADisableonRxErrorParam=ADVFEATURE_DMA_ENABLEONRXERROR
SH.ADCx_IN1.0=ADC1_IN1,IN1-Single-Ended
PB5.GPIO_Label=Extern10
USART3.OverrunDisableParam=ADVFEATURE_OVERRUN_ENABLE
PC4.Locked=true
SPI2.Direction=SPI_DIRECTION_2LINES
PC5.Signal=GPIO_Output
RCC.MSIAutoCalibration=DISABLED
PC2.GPIO_Label=IrPower
PA8.PinState=GPIO_PIN_SET
PB15.Locked=true
RCC.PLLSAI1N=16
PA3.Signal=ADCx_IN8
PA2.Locked=true
VP_RTC_VS_RTC_Activate.Signal=RTC_VS_RTC_Activate
PB3\ (JTDO/TRACESWO).GPIO_Label=Extern8
RCC.MSI_VALUE=4000000
PB8.GPIOParameters=GPIO_Label
PB9.GPIO_Label=KeyRight
PC10.GPIO_Label=AvrSpiSck
PC9.GPIO_Label=LcdCs
ProjectManager.NoMain=false
PC11.Signal=GPIO_Input
SPI2.NSSPMode=SPI_NSS_PULSE_DISABLE
PC8.Signal=GPIO_Input
PC4.Signal=GPIO_Output
ProjectManager.DefaultFWLocation=true
PC15-OSC32_OUT\ (PC15).Signal=RCC_OSC32_OUT
PB12.Locked=true
ProjectManager.DeletePrevious=true
PB10.Locked=true
PA13\ (JTMS/SWDIO).GPIOParameters=GPIO_Label
RCC.FamilyName=M
PH1-OSC_OUT\ (PH1).Signal=RCC_OSC_OUT
PB9.GPIOParameters=GPIO_PuPd,GPIO_Label
PC8.GPIO_Label=KeyDown
PC12.GPIOParameters=GPIO_Label
USART1.VirtualMode-Asynchronous=VM_ASYNC
PB4\ (NJTRST).GPIOParameters=GPIO_Label
PB3\ (JTDO/TRACESWO).Locked=true
PB3\ (JTDO/TRACESWO).Signal=GPIO_Input
ProjectManager.TargetToolchain=Makefile
PB10.GPIO_Label=EspRxArmTx
PB7.GPIOParameters=GPIO_Label
PC5.GPIOParameters=PinState,GPIO_Label
PB2.GPIOParameters=GPIO_Label
SPI2.IPParameters=VirtualType,Mode,Direction,CalculateBaudRate,DataSize,NSSPMode
PC2.Locked=true
ProjectManager.RegisterCallBack=
RCC.USBFreq_Value=32000000
PA1.Signal=ADCx_IN6
PB1.Locked=true
board=custom
RCC.VCOOutputFreq_Value=32000000
PB15.Mode=Full_Duplex_Master
RCC.APB2Freq_Value=8000000
RCC.UART4Freq_Value=8000000
MxCube.Version=6.1.2
PC13.GPIOParameters=GPIO_PuPd,GPIO_Label
SH.ADCx_IN2.ConfNb=1
RCC.PLLSAI1QoutputFreq_Value=32000000
RCC.ADCFreq_Value=16000000
PC1.GPIO_Label=Extern3
PA10.GPIOParameters=GPIO_Label
VP_SYS_VS_Systick.Mode=SysTick
PA4.GPIOParameters=GPIO_Label
SH.ADCx_IN8.ConfNb=1
PB15.GPIOParameters=GPIO_Label
PA15\ (JTDI).GPIO_Label=KeyLeft
RCC.IPParameters=ADCCLockSelection,ADCFreq_Value,AHBFreq_Value,APB1CLKDivider,APB1Freq_Value,APB1TimFreq_Value,APB2CLKDivider,APB2Freq_Value,APB2TimFreq_Value,CortexFreq_Value,DFSDMFreq_Value,FCLKCortexFreq_Value,FamilyName,HCLKFreq_Value,HSE_VALUE,HSI48_VALUE,HSI_VALUE,I2C1Freq_Value,I2C2Freq_Value,I2C3Freq_Value,I2C4Freq_Value,LPTIM1Freq_Value,LPTIM2Freq_Value,LPUART1Freq_Value,LSCOPinFreq_Value,LSE_Drive_Capability,LSI_VALUE,MCO1PinFreq_Value,MSIAutoCalibration,MSI_VALUE,PLLPoutputFreq_Value,PLLQoutputFreq_Value,PLLRCLKFreq_Value,PLLSAI1N,PLLSAI1PoutputFreq_Value,PLLSAI1QoutputFreq_Value,PLLSAI1RoutputFreq_Value,PWRFreq_Value,RNGFreq_Value,RTCClockSelection,RTCFreq_Value,SAI1Freq_Value,SDMMCFreq_Value,SYSCLKFreq_VALUE,SYSCLKSource,UART4Freq_Value,USART1Freq_Value,USART2Freq_Value,USART3CLockSelection,USART3Freq_Value,USBFreq_Value,VCOInputFreq_Value,VCOOutputFreq_Value,VCOSAI1OutputFreq_Value
ProjectManager.AskForMigrate=true
Mcu.Name=STM32L452R(C-E)Tx
PA2.Signal=ADCx_IN7
PB2.Locked=true
Mcu.IP6=USART1
Mcu.IP7=USART3
ProjectManager.CoupleFile=true
RCC.SYSCLKFreq_VALUE=16000000
PA7.GPIO_Label=Intern2
PA1.Locked=true
PC5.PinState=GPIO_PIN_SET
KeepUserPlacement=false
PC5.GPIO_Label=EspPower
PC14-OSC32_IN\ (PC14).Signal=RCC_OSC32_IN
PB7.Mode=Asynchronous
PB2.GPIO_Label=IrIn
PC6.GPIOParameters=GPIO_Label
RCC.HSI_VALUE=16000000
ADC1.NbrOfConversionFlag=1
PB7.Locked=true
PB8.Signal=GPIO_Output
PC8.Locked=true
PC9.Signal=GPIO_Output
PA15\ (JTDI).Locked=true
RCC.APB1Freq_Value=8000000
ADC1.ClockPrescaler=ADC_CLOCK_SYNC_PCLK_DIV4
PB11.Locked=true
ProjectManager.DeviceId=STM32L452RETx
PB12.Signal=GPIO_Output
ProjectManager.LibraryCopy=1
PA3.GPIO_Label=Extern11
PB1.GPIOParameters=GPIO_Label
PA7.Signal=GPIO_Input
PB4\ (NJTRST).Signal=GPIO_Input
PA6.Locked=true
